
Microsoft Visual Studio Solution File, Format Version 12.00
# Visual Studio Version 17
VisualStudioVersion = 17.8.34330.188
MinimumVisualStudioVersion = 10.0.40219.1
Project("{9A19103F-16F7-4668-BE54-9A1E7A4F7556}") = "2TDSPK.API", "2TDSPK.API\2TDSPK.API.csproj", "{239DD837-15CB-4AC6-B0D8-7D6CD0634740}"
EndProject
Project("{9A19103F-16F7-4668-BE54-9A1E7A4F7556}") = "2TDSPK.Database", "2TDSPK.Database\2TDSPK.Database.csproj", "{E9595580-FF3D-46B2-B7F6-D9D88F3E74AA}"
EndProject
Project("{9A19103F-16F7-4668-BE54-9A1E7A4F7556}") = "2TDSPK.Repository", "2TDSPK.Repository\2TDSPK.Repository.csproj", "{EEC781D9-C9BC-42F4-851B-C29E58F4E768}"
EndProject
Project("{9A19103F-16F7-4668-BE54-9A1E7A4F7556}") = "2TDSPK.Services", "2TDSPK.Services\2TDSPK.Services.csproj", "{880FAB7F-AF1C-4A52-8B33-975E0AFD0714}"
EndProject
Project("{2150E333-8FDC-42A3-9474-1A3956D46DE8}") = "src", "src", "{0D621F36-ED21-4548-A0F8-15B98D86BE35}"
EndProject
Project("{2150E333-8FDC-42A3-9474-1A3956D46DE8}") = "test", "test", "{C610A4DA-F675-4269-B780-71227E44DE02}"
EndProject
Project("{9A19103F-16F7-4668-BE54-9A1E7A4F7556}") = "2TDSPK.Services.Test", "2TDSPK.Services.Test\2TDSPK.Services.Test.csproj", "{355D2ABC-4D57-4C58-AF4D-94F8840F0B8F}"
EndProject
Project("{FAE04EC0-301F-11D3-BF4B-00C04F79EFBC}") = "2TDSPK.ML", "2TDSPK.ML\2TDSPK.ML.csproj", "{7F78DAB2-62CD-4492-9399-E26D83798678}"
EndProject
Global
	GlobalSection(SolutionConfigurationPlatforms) = preSolution
		Debug|Any CPU = Debug|Any CPU
		Release|Any CPU = Release|Any CPU
	EndGlobalSection
	GlobalSection(ProjectConfigurationPlatforms) = postSolution
		{239DD837-15CB-4AC6-B0D8-7D6CD0634740}.Debug|Any CPU.ActiveCfg = Debug|Any CPU
		{239DD837-15CB-4AC6-B0D8-7D6CD0634740}.Debug|Any CPU.Build.0 = Debug|Any CPU
		{239DD837-15CB-4AC6-B0D8-7D6CD0634740}.Release|Any CPU.ActiveCfg = Release|Any CPU
		{239DD837-15CB-4AC6-B0D8-7D6CD0634740}.Release|Any CPU.Build.0 = Release|Any CPU
		{E9595580-FF3D-46B2-B7F6-D9D88F3E74AA}.Debug|Any CPU.ActiveCfg = Debug|Any CPU
		{E9595580-FF3D-46B2-B7F6-D9D88F3E74AA}.Debug|Any CPU.Build.0 = Debug|Any CPU
		{E9595580-FF3D-46B2-B7F6-D9D88F3E74AA}.Release|Any CPU.ActiveCfg = Release|Any CPU
		{E9595580-FF3D-46B2-B7F6-D9D88F3E74AA}.Release|Any CPU.Build.0 = Release|Any CPU
		{EEC781D9-C9BC-42F4-851B-C29E58F4E768}.Debug|Any CPU.ActiveCfg = Debug|Any CPU
		{EEC781D9-C9BC-42F4-851B-C29E58F4E768}.Debug|Any CPU.Build.0 = Debug|Any CPU
		{EEC781D9-C9BC-42F4-851B-C29E58F4E768}.Release|Any CPU.ActiveCfg = Release|Any CPU
		{EEC781D9-C9BC-42F4-851B-C29E58F4E768}.Release|Any CPU.Build.0 = Release|Any CPU
		{880FAB7F-AF1C-4A52-8B33-975E0AFD0714}.Debug|Any CPU.ActiveCfg = Debug|Any CPU
		{880FAB7F-AF1C-4A52-8B33-975E0AFD0714}.Debug|Any CPU.Build.0 = Debug|Any CPU
		{880FAB7F-AF1C-4A52-8B33-975E0AFD0714}.Release|Any CPU.ActiveCfg = Release|Any CPU
		{880FAB7F-AF1C-4A52-8B33-975E0AFD0714}.Release|Any CPU.Build.0 = Release|Any CPU
		{355D2ABC-4D57-4C58-AF4D-94F8840F0B8F}.Debug|Any CPU.ActiveCfg = Debug|Any CPU
		{355D2ABC-4D57-4C58-AF4D-94F8840F0B8F}.Debug|Any CPU.Build.0 = Debug|Any CPU
		{355D2ABC-4D57-4C58-AF4D-94F8840F0B8F}.Release|Any CPU.ActiveCfg = Release|Any CPU
		{355D2ABC-4D57-4C58-AF4D-94F8840F0B8F}.Release|Any CPU.Build.0 = Release|Any CPU
		{7F78DAB2-62CD-4492-9399-E26D83798678}.Debug|Any CPU.ActiveCfg = Debug|Any CPU
		{7F78DAB2-62CD-4492-9399-E26D83798678}.Debug|Any CPU.Build.0 = Debug|Any CPU
		{7F78DAB2-62CD-4492-9399-E26D83798678}.Release|Any CPU.ActiveCfg = Release|Any CPU
		{7F78DAB2-62CD-4492-9399-E26D83798678}.Release|Any CPU.Build.0 = Release|Any CPU
	EndGlobalSection
	GlobalSection(SolutionProperties) = preSolution
		HideSolutionNode = FALSE
	EndGlobalSection
	GlobalSection(NestedProjects) = preSolution
		{239DD837-15CB-4AC6-B0D8-7D6CD0634740} = {0D621F36-ED21-4548-A0F8-15B98D86BE35}
		{E9595580-FF3D-46B2-B7F6-D9D88F3E74AA} = {0D621F36-ED21-4548-A0F8-15B98D86BE35}
		{EEC781D9-C9BC-42F4-851B-C29E58F4E768} = {0D621F36-ED21-4548-A0F8-15B98D86BE35}
		{880FAB7F-AF1C-4A52-8B33-975E0AFD0714} = {0D621F36-ED21-4548-A0F8-15B98D86BE35}
		{355D2ABC-4D57-4C58-AF4D-94F8840F0B8F} = {C610A4DA-F675-4269-B780-71227E44DE02}
		{7F78DAB2-62CD-4492-9399-E26D83798678} = {0D621F36-ED21-4548-A0F8-15B98D86BE35}
	EndGlobalSection
	GlobalSection(ExtensibilityGlobals) = postSolution
		SolutionGuid = {1EB1ABDD-5745-4472-9E12-833DA5CE3048}
	EndGlobalSection
EndGlobal
